// !$*UTF8*$!
{
	archiveVersion = 1;
	classes = {
	};
	objectVersion = 46;
	objects = {

/* Begin PBXBuildFile section */
		08D495F318F6922200642898 /* Foundation.framework in Frameworks */ = {isa = PBXBuildFile; fileRef = 08D495F218F6922200642898 /* Foundation.framework */; };
		08D495F518F6922200642898 /* CoreGraphics.framework in Frameworks */ = {isa = PBXBuildFile; fileRef = 08D495F418F6922200642898 /* CoreGraphics.framework */; };
		08D495F718F6922200642898 /* UIKit.framework in Frameworks */ = {isa = PBXBuildFile; fileRef = 08D495F618F6922200642898 /* UIKit.framework */; };
		08D495FD18F6922200642898 /* InfoPlist.strings in Resources */ = {isa = PBXBuildFile; fileRef = 08D495FB18F6922200642898 /* InfoPlist.strings */; };
		08D495FF18F6922200642898 /* main.m in Sources */ = {isa = PBXBuildFile; fileRef = 08D495FE18F6922200642898 /* main.m */; };
		08D4960318F6922200642898 /* MJAppDelegate.m in Sources */ = {isa = PBXBuildFile; fileRef = 08D4960218F6922200642898 /* MJAppDelegate.m */; };
		08D4960618F6922200642898 /* Main.storyboard in Resources */ = {isa = PBXBuildFile; fileRef = 08D4960418F6922200642898 /* Main.storyboard */; };
		08D4960918F6922200642898 /* MJViewController.m in Sources */ = {isa = PBXBuildFile; fileRef = 08D4960818F6922200642898 /* MJViewController.m */; };
		08D4960B18F6922200642898 /* Images.xcassets in Resources */ = {isa = PBXBuildFile; fileRef = 08D4960A18F6922200642898 /* Images.xcassets */; };
		08D4961218F6922200642898 /* XCTest.framework in Frameworks */ = {isa = PBXBuildFile; fileRef = 08D4961118F6922200642898 /* XCTest.framework */; };
		08D4961318F6922200642898 /* Foundation.framework in Frameworks */ = {isa = PBXBuildFile; fileRef = 08D495F218F6922200642898 /* Foundation.framework */; };
		08D4961418F6922200642898 /* UIKit.framework in Frameworks */ = {isa = PBXBuildFile; fileRef = 08D495F618F6922200642898 /* UIKit.framework */; };
		08D4961C18F6922200642898 /* InfoPlist.strings in Resources */ = {isa = PBXBuildFile; fileRef = 08D4961A18F6922200642898 /* InfoPlist.strings */; };
		08D4961E18F6922200642898 /* _6_NSCodingTests.m in Sources */ = {isa = PBXBuildFile; fileRef = 08D4961D18F6922200642898 /* _6_NSCodingTests.m */; };
		08D4962918F6926000642898 /* MJStudent.m in Sources */ = {isa = PBXBuildFile; fileRef = 08D4962818F6926000642898 /* MJStudent.m */; };
/* End PBXBuildFile section */

/* Begin PBXContainerItemProxy section */
		08D4961518F6922200642898 /* PBXContainerItemProxy */ = {
			isa = PBXContainerItemProxy;
			containerPortal = 08D495E718F6922200642898 /* Project object */;
			proxyType = 1;
			remoteGlobalIDString = 08D495EE18F6922200642898;
			remoteInfo = "06-NSCoding";
		};
/* End PBXContainerItemProxy section */

/* Begin PBXFileReference section */
		08D495EF18F6922200642898 /* 06-NSCoding.app */ = {isa = PBXFileReference; explicitFileType = wrapper.application; includeInIndex = 0; path = "06-NSCoding.app"; sourceTree = BUILT_PRODUCTS_DIR; };
		08D495F218F6922200642898 /* Foundation.framework */ = {isa = PBXFileReference; lastKnownFileType = wrapper.framework; name = Foundation.framework; path = System/Library/Frameworks/Foundation.framework; sourceTree = SDKROOT; };
		08D495F418F6922200642898 /* CoreGraphics.framework */ = {isa = PBXFileReference; lastKnownFileType = wrapper.framework; name = CoreGraphics.framework; path = System/Library/Frameworks/CoreGraphics.framework; sourceTree = SDKROOT; };
		08D495F618F6922200642898 /* UIKit.framework */ = {isa = PBXFileReference; lastKnownFileType = wrapper.framework; name = UIKit.framework; path = System/Library/Frameworks/UIKit.framework; sourceTree = SDKROOT; };
		08D495FA18F6922200642898 /* 06-NSCoding-Info.plist */ = {isa = PBXFileReference; lastKnownFileType = text.plist.xml; path = "06-NSCoding-Info.plist"; sourceTree = "<group>"; };
		08D495FC18F6922200642898 /* en */ = {isa = PBXFileReference; lastKnownFileType = text.plist.strings; name = en; path = en.lproj/InfoPlist.strings; sourceTree = "<group>"; };
		08D495FE18F6922200642898 /* main.m */ = {isa = PBXFileReference; lastKnownFileType = sourcecode.c.objc; path = main.m; sourceTree = "<group>"; };
		08D4960018F6922200642898 /* 06-NSCoding-Prefix.pch */ = {isa = PBXFileReference; lastKnownFileType = sourcecode.c.h; path = "06-NSCoding-Prefix.pch"; sourceTree = "<group>"; };
		08D4960118F6922200642898 /* MJAppDelegate.h */ = {isa = PBXFileReference; lastKnownFileType = sourcecode.c.h; path = MJAppDelegate.h; sourceTree = "<group>"; };
		08D4960218F6922200642898 /* MJAppDelegate.m */ = {isa = PBXFileReference; lastKnownFileType = sourcecode.c.objc; path = MJAppDelegate.m; sourceTree = "<group>"; };
		08D4960518F6922200642898 /* Base */ = {isa = PBXFileReference; lastKnownFileType = file.storyboard; name = Base; path = Base.lproj/Main.storyboard; sourceTree = "<group>"; };
		08D4960718F6922200642898 /* MJViewController.h */ = {isa = PBXFileReference; lastKnownFileType = sourcecode.c.h; path = MJViewController.h; sourceTree = "<group>"; };
		08D4960818F6922200642898 /* MJViewController.m */ = {isa = PBXFileReference; lastKnownFileType = sourcecode.c.objc; path = MJViewController.m; sourceTree = "<group>"; };
		08D4960A18F6922200642898 /* Images.xcassets */ = {isa = PBXFileReference; lastKnownFileType = folder.assetcatalog; path = Images.xcassets; sourceTree = "<group>"; };
		08D4961018F6922200642898 /* 06-NSCodingTests.xctest */ = {isa = PBXFileReference; explicitFileType = wrapper.cfbundle; includeInIndex = 0; path = "06-NSCodingTests.xctest"; sourceTree = BUILT_PRODUCTS_DIR; };
		08D4961118F6922200642898 /* XCTest.framework */ = {isa = PBXFileReference; lastKnownFileType = wrapper.framework; name = XCTest.framework; path = Library/Frameworks/XCTest.framework; sourceTree = DEVELOPER_DIR; };
		08D4961918F6922200642898 /* 06-NSCodingTests-Info.plist */ = {isa = PBXFileReference; lastKnownFileType = text.plist.xml; path = "06-NSCodingTests-Info.plist"; sourceTree = "<group>"; };
		08D4961B18F6922200642898 /* en */ = {isa = PBXFileReference; lastKnownFileType = text.plist.strings; name = en; path = en.lproj/InfoPlist.strings; sourceTree = "<group>"; };
		08D4961D18F6922200642898 /* _6_NSCodingTests.m */ = {isa = PBXFileReference; lastKnownFileType = sourcecode.c.objc; path = _6_NSCodingTests.m; sourceTree = "<group>"; };
		08D4962718F6926000642898 /* MJStudent.h */ = {isa = PBXFileReference; fileEncoding = 4; lastKnownFileType = sourcecode.c.h; path = MJStudent.h; sourceTree = "<group>"; };
		08D4962818F6926000642898 /* MJStudent.m */ = {isa = PBXFileReference; fileEncoding = 4; lastKnownFileType = sourcecode.c.objc; path = MJStudent.m; sourceTree = "<group>"; };
/* End PBXFileReference section */

/* Begin PBXFrameworksBuildPhase section */
		08D495EC18F6922200642898 /* Frameworks */ = {
			isa = PBXFrameworksBuildPhase;
			buildActionMask = 2147483647;
			files = (
				08D495F518F6922200642898 /* CoreGraphics.framework in Frameworks */,
				08D495F718F6922200642898 /* UIKit.framework in Frameworks */,
				08D495F318F6922200642898 /* Foundation.framework in Frameworks */,
			);
			runOnlyForDeploymentPostprocessing = 0;
		};
		08D4960D18F6922200642898 /* Frameworks */ = {
			isa = PBXFrameworksBuildPhase;
			buildActionMask = 2147483647;
			files = (
				08D4961218F6922200642898 /* XCTest.framework in Frameworks */,
				08D4961418F6922200642898 /* UIKit.framework in Frameworks */,
				08D4961318F6922200642898 /* Foundation.framework in Frameworks */,
			);
			runOnlyForDeploymentPostprocessing = 0;
		};
/* End PBXFrameworksBuildPhase section */

/* Begin PBXGroup section */
		08D495E618F6922200642898 = {
			isa = PBXGroup;
			children = (
				08D495F818F6922200642898 /* 06-NSCoding */,
				08D4961718F6922200642898 /* 06-NSCodingTests */,
				08D495F118F6922200642898 /* Frameworks */,
				08D495F018F6922200642898 /* Products */,
			);
			sourceTree = "<group>";
		};
		08D495F018F6922200642898 /* Products */ = {
			isa = PBXGroup;
			children = (
				08D495EF18F6922200642898 /* 06-NSCoding.app */,
				08D4961018F6922200642898 /* 06-NSCodingTests.xctest */,
			);
			name = Products;
			sourceTree = "<group>";
		};
		08D495F118F6922200642898 /* Frameworks */ = {
			isa = PBXGroup;
			children = (
				08D495F218F6922200642898 /* Foundation.framework */,
				08D495F418F6922200642898 /* CoreGraphics.framework */,
				08D495F618F6922200642898 /* UIKit.framework */,
				08D4961118F6922200642898 /* XCTest.framework */,
			);
			name = Frameworks;
			sourceTree = "<group>";
		};
		08D495F818F6922200642898 /* 06-NSCoding */ = {
			isa = PBXGroup;
			children = (
				08D4960118F6922200642898 /* MJAppDelegate.h */,
				08D4960218F6922200642898 /* MJAppDelegate.m */,
				08D4960418F6922200642898 /* Main.storyboard */,
				08D4960718F6922200642898 /* MJViewController.h */,
				08D4960818F6922200642898 /* MJViewController.m */,
				08D4960A18F6922200642898 /* Images.xcassets */,
				08D495F918F6922200642898 /* Supporting Files */,
				08D4962718F6926000642898 /* MJStudent.h */,
				08D4962818F6926000642898 /* MJStudent.m */,
			);
			path = "06-NSCoding";
			sourceTree = "<group>";
		};
		08D495F918F6922200642898 /* Supporting Files */ = {
			isa = PBXGroup;
			children = (
				08D495FA18F6922200642898 /* 06-NSCoding-Info.plist */,
				08D495FB18F6922200642898 /* InfoPlist.strings */,
				08D495FE18F6922200642898 /* main.m */,
				08D4960018F6922200642898 /* 06-NSCoding-Prefix.pch */,
			);
			name = "Supporting Files";
			sourceTree = "<group>";
		};
		08D4961718F6922200642898 /* 06-NSCodingTests */ = {
			isa = PBXGroup;
			children = (
				08D4961D18F6922200642898 /* _6_NSCodingTests.m */,
				08D4961818F6922200642898 /* Supporting Files */,
			);
			path = "06-NSCodingTests";
			sourceTree = "<group>";
		};
		08D4961818F6922200642898 /* Supporting Files */ = {
			isa = PBXGroup;
			children = (
				08D4961918F6922200642898 /* 06-NSCodingTests-Info.plist */,
				08D4961A18F6922200642898 /* InfoPlist.strings */,
			);
			name = "Supporting Files";
			sourceTree = "<group>";
		};
/* End PBXGroup section */

/* Begin PBXNativeTarget section */
		08D495EE18F6922200642898 /* 06-NSCoding */ = {
			isa = PBXNativeTarget;
			buildConfigurationList = 08D4962118F6922200642898 /* Build configuration list for PBXNativeTarget "06-NSCoding" */;
			buildPhases = (
				08D495EB18F6922200642898 /* Sources */,
				08D495EC18F6922200642898 /* Frameworks */,
				08D495ED18F6922200642898 /* Resources */,
			);
			buildRules = (
			);
			dependencies = (
			);
			name = "06-NSCoding";
			productName = "06-NSCoding";
			productReference = 08D495EF18F6922200642898 /* 06-NSCoding.app */;
			productType = "com.apple.product-type.application";
		};
		08D4960F18F6922200642898 /* 06-NSCodingTests */ = {
			isa = PBXNativeTarget;
			buildConfigurationList = 08D4962418F6922200642898 /* Build configuration list for PBXNativeTarget "06-NSCodingTests" */;
			buildPhases = (
				08D4960C18F6922200642898 /* Sources */,
				08D4960D18F6922200642898 /* Frameworks */,
				08D4960E18F6922200642898 /* Resources */,
			);
			buildRules = (
			);
			dependencies = (
				08D4961618F6922200642898 /* PBXTargetDependency */,
			);
			name = "06-NSCodingTests";
			productName = "06-NSCodingTests";
			productReference = 08D4961018F6922200642898 /* 06-NSCodingTests.xctest */;
			productType = "com.apple.product-type.bundle.unit-test";
		};
/* End PBXNativeTarget section */

/* Begin PBXProject section */
		08D495E718F6922200642898 /* Project object */ = {
			isa = PBXProject;
			attributes = {
				CLASSPREFIX = MJ;
				LastUpgradeCheck = 0510;
				ORGANIZATIONNAME = itcast;
				TargetAttributes = {
					08D4960F18F6922200642898 = {
						TestTargetID = 08D495EE18F6922200642898;
					};
				};
			};
			buildConfigurationList = 08D495EA18F6922200642898 /* Build configuration list for PBXProject "06-NSCoding" */;
			compatibilityVersion = "Xcode 3.2";
			developmentRegion = English;
			hasScannedForEncodings = 0;
			knownRegions = (
				en,
				Base,
			);
			mainGroup = 08D495E618F6922200642898;
			productRefGroup = 08D495F018F6922200642898 /* Products */;
			projectDirPath = "";
			projectRoot = "";
			targets = (
				08D495EE18F6922200642898 /* 06-NSCoding */,
				08D4960F18F6922200642898 /* 06-NSCodingTests */,
			);
		};
/* End PBXProject section */

/* Begin PBXResourcesBuildPhase section */
		08D495ED18F6922200642898 /* Resources */ = {
			isa = PBXResourcesBuildPhase;
			buildActionMask = 2147483647;
			files = (
				08D4960B18F6922200642898 /* Images.xcassets in Resources */,
				08D495FD18F6922200642898 /* InfoPlist.strings in Resources */,
				08D4960618F6922200642898 /* Main.storyboard in Resources */,
			);
			runOnlyForDeploymentPostprocessing = 0;
		};
		08D4960E18F6922200642898 /* Resources */ = {
			isa = PBXResourcesBuildPhase;
			buildActionMask = 2147483647;
			files = (
				08D4961C18F6922200642898 /* InfoPlist.strings in Resources */,
			);
			runOnlyForDeploymentPostprocessing = 0;
		};
/* End PBXResourcesBuildPhase section */

/* Begin PBXSourcesBuildPhase section */
		08D495EB18F6922200642898 /* Sources */ = {
			isa = PBXSourcesBuildPhase;
			buildActionMask = 2147483647;
			files = (
				08D4962918F6926000642898 /* MJStudent.m in Sources */,
				08D495FF18F6922200642898 /* main.m in Sources */,
				08D4960918F6922200642898 /* MJViewController.m in Sources */,
				08D4960318F6922200642898 /* MJAppDelegate.m in Sources */,
			);
			runOnlyForDeploymentPostprocessing = 0;
		};
		08D4960C18F6922200642898 /* Sources */ = {
			isa = PBXSourcesBuildPhase;
			buildActionMask = 2147483647;
			files = (
				08D4961E18F6922200642898 /* _6_NSCodingTests.m in Sources */,
			);
			runOnlyForDeploymentPostprocessing = 0;
		};
/* End PBXSourcesBuildPhase section */

/* Begin PBXTargetDependency section */
		08D4961618F6922200642898 /* PBXTargetDependency */ = {
			isa = PBXTargetDependency;
			target = 08D495EE18F6922200642898 /* 06-NSCoding */;
			targetProxy = 08D4961518F6922200642898 /* PBXContainerItemProxy */;
		};
/* End PBXTargetDependency section */

/* Begin PBXVariantGroup section */
		08D495FB18F6922200642898 /* InfoPlist.strings */ = {
			isa = PBXVariantGroup;
			children = (
				08D495FC18F6922200642898 /* en */,
			);
			name = InfoPlist.strings;
			sourceTree = "<group>";
		};
		08D4960418F6922200642898 /* Main.storyboard */ = {
			isa = PBXVariantGroup;
			children = (
				08D4960518F6922200642898 /* Base */,
			);
			name = Main.storyboard;
			sourceTree = "<group>";
		};
		08D4961A18F6922200642898 /* InfoPlist.strings */ = {
			isa = PBXVariantGroup;
			children = (
				08D4961B18F6922200642898 /* en */,
			);
			name = InfoPlist.strings;
			sourceTree = "<group>";
		};
/* End PBXVariantGroup section */

/* Begin XCBuildConfiguration section */
		08D4961F18F6922200642898 /* Debug */ = {
			isa = XCBuildConfiguration;
			buildSettings = {
				ALWAYS_SEARCH_USER_PATHS = NO;
				CLANG_CXX_LANGUAGE_STANDARD = "gnu++0x";
				CLANG_CXX_LIBRARY = "libc++";
				CLANG_ENABLE_MODULES = YES;
				CLANG_ENABLE_OBJC_ARC = YES;
				CLANG_WARN_BOOL_CONVERSION = YES;
				CLANG_WARN_CONSTANT_CONVERSION = YES;
				CLANG_WARN_DIRECT_OBJC_ISA_USAGE = YES_ERROR;
				CLANG_WARN_EMPTY_BODY = YES;
				CLANG_WARN_ENUM_CONVERSION = YES;
				CLANG_WARN_INT_CONVERSION = YES;
				CLANG_WARN_OBJC_ROOT_CLASS = YES_ERROR;
				CLANG_WARN__DUPLICATE_METHOD_MATCH = YES;
				"CODE_SIGN_IDENTITY[sdk=iphoneos*]" = "iPhone Developer";
				COPY_PHASE_STRIP = NO;
				GCC_C_LANGUAGE_STANDARD = gnu99;
				GCC_DYNAMIC_NO_PIC = NO;
				GCC_OPTIMIZATION_LEVEL = 0;
				GCC_PREPROCESSOR_DEFINITIONS = (
					"DEBUG=1",
					"$(inherited)",
				);
				GCC_SYMBOLS_PRIVATE_EXTERN = NO;
				GCC_WARN_64_TO_32_BIT_CONVERSION = YES;
				GCC_WARN_ABOUT_RETURN_TYPE = YES_ERROR;
				GCC_WARN_UNDECLARED_SELECTOR = YES;
				GCC_WARN_UNINITIALIZED_AUTOS = YES_AGGRESSIVE;
				GCC_WARN_UNUSED_FUNCTION = YES;
				GCC_WARN_UNUSED_VARIABLE = YES;
				IPHONEOS_DEPLOYMENT_TARGET = 7.1;
				ONLY_ACTIVE_ARCH = YES;
				SDKROOT = iphoneos;
			};
			name = Debug;
		};
		08D4962018F6922200642898 /* Release */ = {
			isa = XCBuildConfiguration;
			buildSettings = {
				ALWAYS_SEARCH_USER_PATHS = NO;
				CLANG_CXX_LANGUAGE_STANDARD = "gnu++0x";
				CLANG_CXX_LIBRARY = "libc++";
				CLANG_ENABLE_MODULES = YES;
				CLANG_ENABLE_OBJC_ARC = YES;
				CLANG_WARN_BOOL_CONVERSION = YES;
				CLANG_WARN_CONSTANT_CONVERSION = YES;
				CLANG_WARN_DIRECT_OBJC_ISA_USAGE = YES_ERROR;
				CLANG_WARN_EMPTY_BODY = YES;
				CLANG_WARN_ENUM_CONVERSION = YES;
				CLANG_WARN_INT_CONVERSION = YES;
				CLANG_WARN_OBJC_ROOT_CLASS = YES_ERROR;
				CLANG_WARN__DUPLICATE_METHOD_MATCH = YES;
				"CODE_SIGN_IDENTITY[sdk=iphoneos*]" = "iPhone Developer";
				COPY_PHASE_STRIP = YES;
				ENABLE_NS_ASSERTIONS = NO;
				GCC_C_LANGUAGE_STANDARD = gnu99;
				GCC_WARN_64_TO_32_BIT_CONVERSION = YES;
				GCC_WARN_ABOUT_RETURN_TYPE = YES_ERROR;
				GCC_WARN_UNDECLARED_SELECTOR = YES;
				GCC_WARN_UNINITIALIZED_AUTOS = YES_AGGRESSIVE;
				GCC_WARN_UNUSED_FUNCTION = YES;
				GCC_WARN_UNUSED_VARIABLE = YES;
				IPHONEOS_DEPLOYMENT_TARGET = 7.1;
				SDKROOT = iphoneos;
				VALIDATE_PRODUCT = YES;
			};
			name = Release;
		};
		08D4962218F6922200642898 /* Debug */ = {
			isa = XCBuildConfiguration;
			buildSettings = {
				ASSETCATALOG_COMPILER_APPICON_NAME = AppIcon;
				ASSETCATALOG_COMPILER_LAUNCHIMAGE_NAME = LaunchImage;
				GCC_PRECOMPILE_PREFIX_HEADER = YES;
				GCC_PREFIX_HEADER = "06-NSCoding/06-NSCoding-Prefix.pch";
				INFOPLIST_FILE = "06-NSCoding/06-NSCoding-Info.plist";
				PRODUCT_NAME = "$(TARGET_NAME)";
				WRAPPER_EXTENSION = app;
			};
			name = Debug;
		};
		08D4962318F6922200642898 /* Release */ = {
			isa = XCBuildConfiguration;
			buildSettings = {
				ASSETCATALOG_COMPILER_APPICON_NAME = AppIcon;
				ASSETCATALOG_COMPILER_LAUNCHIMAGE_NAME = LaunchImage;
				GCC_PRECOMPILE_PREFIX_HEADER = YES;
				GCC_PREFIX_HEADER = "06-NSCoding/06-NSCoding-Prefix.pch";
				INFOPLIST_FILE = "06-NSCoding/06-NSCoding-Info.plist";
				PRODUCT_NAME = "$(TARGET_NAME)";
				WRAPPER_EXTENSION = app;
			};
			name = Release;
		};
		08D4962518F6922200642898 /* Debug */ = {
			isa = XCBuildConfiguration;
			buildSettings = {
				BUNDLE_LOADER = "$(BUILT_PRODUCTS_DIR)/06-NSCoding.app/06-NSCoding";
				FRAMEWORK_SEARCH_PATHS = (
					"$(SDKROOT)/Developer/Library/Frameworks",
					"$(inherited)",
					"$(DEVELOPER_FRAMEWORKS_DIR)",
				);
				GCC_PRECOMPILE_PREFIX_HEADER = YES;
				GCC_PREFIX_HEADER = "06-NSCoding/06-NSCoding-Prefix.pch";
				GCC_PREPROCESSOR_DEFINITIONS = (
					"DEBUG=1",
					"$(inherited)",
				);
				INFOPLIST_FILE = "06-NSCodingTests/06-NSCodingTests-Info.plist";
				PRODUCT_NAME = "$(TARGET_NAME)";
				TEST_HOST = "$(BUNDLE_LOADER)";
				WRAPPER_EXTENSION = xctest;
			};
			name = Debug;
		};
		08D4962618F6922200642898 /* Release */ = {
			isa = XCBuildConfiguration;
			buildSettings = {
				BUNDLE_LOADER = "$(BUILT_PRODUCTS_DIR)/06-NSCoding.app/06-NSCoding";
				FRAMEWORK_SEARCH_PATHS = (
					"$(SDKROOT)/Developer/Library/Frameworks",
					"$(inherited)",
					"$(DEVELOPER_FRAMEWORKS_DIR)",
				);
				GCC_PRECOMPILE_PREFIX_HEADER = YES;
				GCC_PREFIX_HEADER = "06-NSCoding/06-NSCoding-Prefix.pch";
				INFOPLIST_FILE = "06-NSCodingTests/06-NSCodingTests-Info.plist";
				PRODUCT_NAME = "$(TARGET_NAME)";
				TEST_HOST = "$(BUNDLE_LOADER)";
				WRAPPER_EXTENSION = xctest;
			};
			name = Release;
		};
/* End XCBuildConfiguration section */

/* Begin XCConfigurationList section */
		08D495EA18F6922200642898 /* Build configuration list for PBXProject "06-NSCoding" */ = {
			isa = XCConfigurationList;
			buildConfigurations = (
				08D4961F18F6922200642898 /* Debug */,
				08D4962018F6922200642898 /* Release */,
			);
			defaultConfigurationIsVisible = 0;
			defaultConfigurationName = Release;
		};
		08D4962118F6922200642898 /* Build configuration list for PBXNativeTarget "06-NSCoding" */ = {
			isa = XCConfigurationList;
			buildConfigurations = (
				08D4962218F6922200642898 /* Debug */,
				08D4962318F6922200642898 /* Release */,
			);
			defaultConfigurationIsVisible = 0;
		};
		08D4962418F6922200642898 /* Build configuration list for PBXNativeTarget "06-NSCodingTests" */ = {
			isa = XCConfigurationList;
			buildConfigurations = (
				08D4962518F6922200642898 /* Debug */,
				08D4962618F6922200642898 /* Release */,
			);
			defaultConfigurationIsVisible = 0;
		};
/* End XCConfigurationList section */
	};
	rootObject = 08D495E718F6922200642898 /* Project object */;
}
