// !$*UTF8*$!
{
	archiveVersion = 1;
	classes = {
	};
	objectVersion = 46;
	objects = {

/* Begin PBXBuildFile section */
		18E1BF9817576DB5009C5F98 /* UIKit.framework in Frameworks */ = {isa = PBXBuildFile; fileRef = 18E1BF9717576DB5009C5F98 /* UIKit.framework */; };
		18E1BF9A17576DB5009C5F98 /* Foundation.framework in Frameworks */ = {isa = PBXBuildFile; fileRef = 18E1BF9917576DB5009C5F98 /* Foundation.framework */; };
		18E1BF9C17576DB5009C5F98 /* CoreGraphics.framework in Frameworks */ = {isa = PBXBuildFile; fileRef = 18E1BF9B17576DB5009C5F98 /* CoreGraphics.framework */; };
		18E1BFA217576DB5009C5F98 /* InfoPlist.strings in Resources */ = {isa = PBXBuildFile; fileRef = 18E1BFA017576DB5009C5F98 /* InfoPlist.strings */; };
		18E1BFA417576DB5009C5F98 /* main.m in Sources */ = {isa = PBXBuildFile; fileRef = 18E1BFA317576DB5009C5F98 /* main.m */; };
		18E1BFA817576DB5009C5F98 /* AppDelegate.m in Sources */ = {isa = PBXBuildFile; fileRef = 18E1BFA717576DB5009C5F98 /* AppDelegate.m */; };
		18E1BFAA17576DB5009C5F98 /* Default.png in Resources */ = {isa = PBXBuildFile; fileRef = 18E1BFA917576DB5009C5F98 /* Default.png */; };
		18E1BFAC17576DB5009C5F98 /* Default@2x.png in Resources */ = {isa = PBXBuildFile; fileRef = 18E1BFAB17576DB5009C5F98 /* Default@2x.png */; };
		18E1BFAE17576DB5009C5F98 /* Default-568h@2x.png in Resources */ = {isa = PBXBuildFile; fileRef = 18E1BFAD17576DB5009C5F98 /* Default-568h@2x.png */; };
		18E1BFB117576DB5009C5F98 /* ViewController.m in Sources */ = {isa = PBXBuildFile; fileRef = 18E1BFB017576DB5009C5F98 /* ViewController.m */; };
		18E1BFB417576DB6009C5F98 /* ViewController.xib in Resources */ = {isa = PBXBuildFile; fileRef = 18E1BFB217576DB6009C5F98 /* ViewController.xib */; };
/* End PBXBuildFile section */

/* Begin PBXFileReference section */
		18E1BF9317576DB5009C5F98 /* uploadImage.app */ = {isa = PBXFileReference; explicitFileType = wrapper.application; includeInIndex = 0; path = uploadImage.app; sourceTree = BUILT_PRODUCTS_DIR; };
		18E1BF9717576DB5009C5F98 /* UIKit.framework */ = {isa = PBXFileReference; lastKnownFileType = wrapper.framework; name = UIKit.framework; path = System/Library/Frameworks/UIKit.framework; sourceTree = SDKROOT; };
		18E1BF9917576DB5009C5F98 /* Foundation.framework */ = {isa = PBXFileReference; lastKnownFileType = wrapper.framework; name = Foundation.framework; path = System/Library/Frameworks/Foundation.framework; sourceTree = SDKROOT; };
		18E1BF9B17576DB5009C5F98 /* CoreGraphics.framework */ = {isa = PBXFileReference; lastKnownFileType = wrapper.framework; name = CoreGraphics.framework; path = System/Library/Frameworks/CoreGraphics.framework; sourceTree = SDKROOT; };
		18E1BF9F17576DB5009C5F98 /* uploadImage-Info.plist */ = {isa = PBXFileReference; lastKnownFileType = text.plist.xml; path = "uploadImage-Info.plist"; sourceTree = "<group>"; };
		18E1BFA117576DB5009C5F98 /* en */ = {isa = PBXFileReference; lastKnownFileType = text.plist.strings; name = en; path = en.lproj/InfoPlist.strings; sourceTree = "<group>"; };
		18E1BFA317576DB5009C5F98 /* main.m */ = {isa = PBXFileReference; lastKnownFileType = sourcecode.c.objc; path = main.m; sourceTree = "<group>"; };
		18E1BFA517576DB5009C5F98 /* uploadImage-Prefix.pch */ = {isa = PBXFileReference; lastKnownFileType = sourcecode.c.h; path = "uploadImage-Prefix.pch"; sourceTree = "<group>"; };
		18E1BFA617576DB5009C5F98 /* AppDelegate.h */ = {isa = PBXFileReference; lastKnownFileType = sourcecode.c.h; path = AppDelegate.h; sourceTree = "<group>"; };
		18E1BFA717576DB5009C5F98 /* AppDelegate.m */ = {isa = PBXFileReference; lastKnownFileType = sourcecode.c.objc; path = AppDelegate.m; sourceTree = "<group>"; };
		18E1BFA917576DB5009C5F98 /* Default.png */ = {isa = PBXFileReference; lastKnownFileType = image.png; path = Default.png; sourceTree = "<group>"; };
		18E1BFAB17576DB5009C5F98 /* Default@2x.png */ = {isa = PBXFileReference; lastKnownFileType = image.png; path = "Default@2x.png"; sourceTree = "<group>"; };
		18E1BFAD17576DB5009C5F98 /* Default-568h@2x.png */ = {isa = PBXFileReference; lastKnownFileType = image.png; path = "Default-568h@2x.png"; sourceTree = "<group>"; };
		18E1BFAF17576DB5009C5F98 /* ViewController.h */ = {isa = PBXFileReference; lastKnownFileType = sourcecode.c.h; path = ViewController.h; sourceTree = "<group>"; };
		18E1BFB017576DB5009C5F98 /* ViewController.m */ = {isa = PBXFileReference; lastKnownFileType = sourcecode.c.objc; path = ViewController.m; sourceTree = "<group>"; };
		18E1BFB317576DB6009C5F98 /* en */ = {isa = PBXFileReference; lastKnownFileType = file.xib; name = en; path = en.lproj/ViewController.xib; sourceTree = "<group>"; };
/* End PBXFileReference section */

/* Begin PBXFrameworksBuildPhase section */
		18E1BF9017576DB5009C5F98 /* Frameworks */ = {
			isa = PBXFrameworksBuildPhase;
			buildActionMask = 2147483647;
			files = (
				18E1BF9817576DB5009C5F98 /* UIKit.framework in Frameworks */,
				18E1BF9A17576DB5009C5F98 /* Foundation.framework in Frameworks */,
				18E1BF9C17576DB5009C5F98 /* CoreGraphics.framework in Frameworks */,
			);
			runOnlyForDeploymentPostprocessing = 0;
		};
/* End PBXFrameworksBuildPhase section */

/* Begin PBXGroup section */
		18E1BF8817576DB5009C5F98 = {
			isa = PBXGroup;
			children = (
				18E1BF9D17576DB5009C5F98 /* uploadImage */,
				18E1BF9617576DB5009C5F98 /* Frameworks */,
				18E1BF9417576DB5009C5F98 /* Products */,
			);
			sourceTree = "<group>";
		};
		18E1BF9417576DB5009C5F98 /* Products */ = {
			isa = PBXGroup;
			children = (
				18E1BF9317576DB5009C5F98 /* uploadImage.app */,
			);
			name = Products;
			sourceTree = "<group>";
		};
		18E1BF9617576DB5009C5F98 /* Frameworks */ = {
			isa = PBXGroup;
			children = (
				18E1BF9717576DB5009C5F98 /* UIKit.framework */,
				18E1BF9917576DB5009C5F98 /* Foundation.framework */,
				18E1BF9B17576DB5009C5F98 /* CoreGraphics.framework */,
			);
			name = Frameworks;
			sourceTree = "<group>";
		};
		18E1BF9D17576DB5009C5F98 /* uploadImage */ = {
			isa = PBXGroup;
			children = (
				18E1BFA617576DB5009C5F98 /* AppDelegate.h */,
				18E1BFA717576DB5009C5F98 /* AppDelegate.m */,
				18E1BFAF17576DB5009C5F98 /* ViewController.h */,
				18E1BFB017576DB5009C5F98 /* ViewController.m */,
				18E1BFB217576DB6009C5F98 /* ViewController.xib */,
				18E1BF9E17576DB5009C5F98 /* Supporting Files */,
			);
			path = uploadImage;
			sourceTree = "<group>";
		};
		18E1BF9E17576DB5009C5F98 /* Supporting Files */ = {
			isa = PBXGroup;
			children = (
				18E1BF9F17576DB5009C5F98 /* uploadImage-Info.plist */,
				18E1BFA017576DB5009C5F98 /* InfoPlist.strings */,
				18E1BFA317576DB5009C5F98 /* main.m */,
				18E1BFA517576DB5009C5F98 /* uploadImage-Prefix.pch */,
				18E1BFA917576DB5009C5F98 /* Default.png */,
				18E1BFAB17576DB5009C5F98 /* Default@2x.png */,
				18E1BFAD17576DB5009C5F98 /* Default-568h@2x.png */,
			);
			name = "Supporting Files";
			sourceTree = "<group>";
		};
/* End PBXGroup section */

/* Begin PBXNativeTarget section */
		18E1BF9217576DB5009C5F98 /* uploadImage */ = {
			isa = PBXNativeTarget;
			buildConfigurationList = 18E1BFB717576DB6009C5F98 /* Build configuration list for PBXNativeTarget "uploadImage" */;
			buildPhases = (
				18E1BF8F17576DB5009C5F98 /* Sources */,
				18E1BF9017576DB5009C5F98 /* Frameworks */,
				18E1BF9117576DB5009C5F98 /* Resources */,
			);
			buildRules = (
			);
			dependencies = (
			);
			name = uploadImage;
			productName = uploadImage;
			productReference = 18E1BF9317576DB5009C5F98 /* uploadImage.app */;
			productType = "com.apple.product-type.application";
		};
/* End PBXNativeTarget section */

/* Begin PBXProject section */
		18E1BF8A17576DB5009C5F98 /* Project object */ = {
			isa = PBXProject;
			attributes = {
				LastUpgradeCheck = 0450;
				ORGANIZATIONNAME = joanfen;
			};
			buildConfigurationList = 18E1BF8D17576DB5009C5F98 /* Build configuration list for PBXProject "uploadImage" */;
			compatibilityVersion = "Xcode 3.2";
			developmentRegion = English;
			hasScannedForEncodings = 0;
			knownRegions = (
				en,
			);
			mainGroup = 18E1BF8817576DB5009C5F98;
			productRefGroup = 18E1BF9417576DB5009C5F98 /* Products */;
			projectDirPath = "";
			projectRoot = "";
			targets = (
				18E1BF9217576DB5009C5F98 /* uploadImage */,
			);
		};
/* End PBXProject section */

/* Begin PBXResourcesBuildPhase section */
		18E1BF9117576DB5009C5F98 /* Resources */ = {
			isa = PBXResourcesBuildPhase;
			buildActionMask = 2147483647;
			files = (
				18E1BFA217576DB5009C5F98 /* InfoPlist.strings in Resources */,
				18E1BFAA17576DB5009C5F98 /* Default.png in Resources */,
				18E1BFAC17576DB5009C5F98 /* Default@2x.png in Resources */,
				18E1BFAE17576DB5009C5F98 /* Default-568h@2x.png in Resources */,
				18E1BFB417576DB6009C5F98 /* ViewController.xib in Resources */,
			);
			runOnlyForDeploymentPostprocessing = 0;
		};
/* End PBXResourcesBuildPhase section */

/* Begin PBXSourcesBuildPhase section */
		18E1BF8F17576DB5009C5F98 /* Sources */ = {
			isa = PBXSourcesBuildPhase;
			buildActionMask = 2147483647;
			files = (
				18E1BFA417576DB5009C5F98 /* main.m in Sources */,
				18E1BFA817576DB5009C5F98 /* AppDelegate.m in Sources */,
				18E1BFB117576DB5009C5F98 /* ViewController.m in Sources */,
			);
			runOnlyForDeploymentPostprocessing = 0;
		};
/* End PBXSourcesBuildPhase section */

/* Begin PBXVariantGroup section */
		18E1BFA017576DB5009C5F98 /* InfoPlist.strings */ = {
			isa = PBXVariantGroup;
			children = (
				18E1BFA117576DB5009C5F98 /* en */,
			);
			name = InfoPlist.strings;
			sourceTree = "<group>";
		};
		18E1BFB217576DB6009C5F98 /* ViewController.xib */ = {
			isa = PBXVariantGroup;
			children = (
				18E1BFB317576DB6009C5F98 /* en */,
			);
			name = ViewController.xib;
			sourceTree = "<group>";
		};
/* End PBXVariantGroup section */

/* Begin XCBuildConfiguration section */
		18E1BFB517576DB6009C5F98 /* Debug */ = {
			isa = XCBuildConfiguration;
			buildSettings = {
				ALWAYS_SEARCH_USER_PATHS = NO;
				CLANG_CXX_LANGUAGE_STANDARD = "gnu++0x";
				CLANG_CXX_LIBRARY = "libc++";
				CLANG_WARN_EMPTY_BODY = YES;
				CLANG_WARN__DUPLICATE_METHOD_MATCH = YES;
				"CODE_SIGN_IDENTITY[sdk=iphoneos*]" = "iPhone Developer";
				COPY_PHASE_STRIP = NO;
				GCC_C_LANGUAGE_STANDARD = gnu99;
				GCC_DYNAMIC_NO_PIC = NO;
				GCC_OPTIMIZATION_LEVEL = 0;
				GCC_PREPROCESSOR_DEFINITIONS = (
					"DEBUG=1",
					"$(inherited)",
				);
				GCC_SYMBOLS_PRIVATE_EXTERN = NO;
				GCC_WARN_ABOUT_RETURN_TYPE = YES;
				GCC_WARN_UNINITIALIZED_AUTOS = YES;
				GCC_WARN_UNUSED_VARIABLE = YES;
				IPHONEOS_DEPLOYMENT_TARGET = 6.0;
				ONLY_ACTIVE_ARCH = YES;
				SDKROOT = iphoneos;
			};
			name = Debug;
		};
		18E1BFB617576DB6009C5F98 /* Release */ = {
			isa = XCBuildConfiguration;
			buildSettings = {
				ALWAYS_SEARCH_USER_PATHS = NO;
				CLANG_CXX_LANGUAGE_STANDARD = "gnu++0x";
				CLANG_CXX_LIBRARY = "libc++";
				CLANG_WARN_EMPTY_BODY = YES;
				CLANG_WARN__DUPLICATE_METHOD_MATCH = YES;
				"CODE_SIGN_IDENTITY[sdk=iphoneos*]" = "iPhone Developer";
				COPY_PHASE_STRIP = YES;
				GCC_C_LANGUAGE_STANDARD = gnu99;
				GCC_WARN_ABOUT_RETURN_TYPE = YES;
				GCC_WARN_UNINITIALIZED_AUTOS = YES;
				GCC_WARN_UNUSED_VARIABLE = YES;
				IPHONEOS_DEPLOYMENT_TARGET = 6.0;
				OTHER_CFLAGS = "-DNS_BLOCK_ASSERTIONS=1";
				SDKROOT = iphoneos;
				VALIDATE_PRODUCT = YES;
			};
			name = Release;
		};
		18E1BFB817576DB6009C5F98 /* Debug */ = {
			isa = XCBuildConfiguration;
			buildSettings = {
				GCC_PRECOMPILE_PREFIX_HEADER = YES;
				GCC_PREFIX_HEADER = "uploadImage/uploadImage-Prefix.pch";
				INFOPLIST_FILE = "uploadImage/uploadImage-Info.plist";
				PRODUCT_NAME = "$(TARGET_NAME)";
				WRAPPER_EXTENSION = app;
			};
			name = Debug;
		};
		18E1BFB917576DB6009C5F98 /* Release */ = {
			isa = XCBuildConfiguration;
			buildSettings = {
				GCC_PRECOMPILE_PREFIX_HEADER = YES;
				GCC_PREFIX_HEADER = "uploadImage/uploadImage-Prefix.pch";
				INFOPLIST_FILE = "uploadImage/uploadImage-Info.plist";
				PRODUCT_NAME = "$(TARGET_NAME)";
				WRAPPER_EXTENSION = app;
			};
			name = Release;
		};
/* End XCBuildConfiguration section */

/* Begin XCConfigurationList section */
		18E1BF8D17576DB5009C5F98 /* Build configuration list for PBXProject "uploadImage" */ = {
			isa = XCConfigurationList;
			buildConfigurations = (
				18E1BFB517576DB6009C5F98 /* Debug */,
				18E1BFB617576DB6009C5F98 /* Release */,
			);
			defaultConfigurationIsVisible = 0;
			defaultConfigurationName = Release;
		};
		18E1BFB717576DB6009C5F98 /* Build configuration list for PBXNativeTarget "uploadImage" */ = {
			isa = XCConfigurationList;
			buildConfigurations = (
				18E1BFB817576DB6009C5F98 /* Debug */,
				18E1BFB917576DB6009C5F98 /* Release */,
			);
			defaultConfigurationIsVisible = 0;
		};
/* End XCConfigurationList section */
	};
	rootObject = 18E1BF8A17576DB5009C5F98 /* Project object */;
}
