// !$*UTF8*$!
{
	archiveVersion = 1;
	classes = {
	};
	objectVersion = 46;
	objects = {

/* Begin PBXBuildFile section */
		08D495B218F68E3800642898 /* Foundation.framework in Frameworks */ = {isa = PBXBuildFile; fileRef = 08D495B118F68E3800642898 /* Foundation.framework */; };
		08D495B418F68E3800642898 /* CoreGraphics.framework in Frameworks */ = {isa = PBXBuildFile; fileRef = 08D495B318F68E3800642898 /* CoreGraphics.framework */; };
		08D495B618F68E3800642898 /* UIKit.framework in Frameworks */ = {isa = PBXBuildFile; fileRef = 08D495B518F68E3800642898 /* UIKit.framework */; };
		08D495BC18F68E3800642898 /* InfoPlist.strings in Resources */ = {isa = PBXBuildFile; fileRef = 08D495BA18F68E3800642898 /* InfoPlist.strings */; };
		08D495BE18F68E3800642898 /* main.m in Sources */ = {isa = PBXBuildFile; fileRef = 08D495BD18F68E3800642898 /* main.m */; };
		08D495C218F68E3800642898 /* MJAppDelegate.m in Sources */ = {isa = PBXBuildFile; fileRef = 08D495C118F68E3800642898 /* MJAppDelegate.m */; };
		08D495C518F68E3800642898 /* Main.storyboard in Resources */ = {isa = PBXBuildFile; fileRef = 08D495C318F68E3800642898 /* Main.storyboard */; };
		08D495C818F68E3800642898 /* MJViewController.m in Sources */ = {isa = PBXBuildFile; fileRef = 08D495C718F68E3800642898 /* MJViewController.m */; };
		08D495CA18F68E3800642898 /* Images.xcassets in Resources */ = {isa = PBXBuildFile; fileRef = 08D495C918F68E3800642898 /* Images.xcassets */; };
		08D495D118F68E3800642898 /* XCTest.framework in Frameworks */ = {isa = PBXBuildFile; fileRef = 08D495D018F68E3800642898 /* XCTest.framework */; };
		08D495D218F68E3800642898 /* Foundation.framework in Frameworks */ = {isa = PBXBuildFile; fileRef = 08D495B118F68E3800642898 /* Foundation.framework */; };
		08D495D318F68E3800642898 /* UIKit.framework in Frameworks */ = {isa = PBXBuildFile; fileRef = 08D495B518F68E3800642898 /* UIKit.framework */; };
		08D495DB18F68E3800642898 /* InfoPlist.strings in Resources */ = {isa = PBXBuildFile; fileRef = 08D495D918F68E3800642898 /* InfoPlist.strings */; };
		08D495DD18F68E3800642898 /* _5_____Tests.m in Sources */ = {isa = PBXBuildFile; fileRef = 08D495DC18F68E3800642898 /* _5_____Tests.m */; };
/* End PBXBuildFile section */

/* Begin PBXContainerItemProxy section */
		08D495D418F68E3800642898 /* PBXContainerItemProxy */ = {
			isa = PBXContainerItemProxy;
			containerPortal = 08D495A618F68E3800642898 /* Project object */;
			proxyType = 1;
			remoteGlobalIDString = 08D495AD18F68E3800642898;
			remoteInfo = "05-偏好设置";
		};
/* End PBXContainerItemProxy section */

/* Begin PBXFileReference section */
		08D495AE18F68E3800642898 /* 05-偏好设置.app */ = {isa = PBXFileReference; explicitFileType = wrapper.application; includeInIndex = 0; path = "05-偏好设置.app"; sourceTree = BUILT_PRODUCTS_DIR; };
		08D495B118F68E3800642898 /* Foundation.framework */ = {isa = PBXFileReference; lastKnownFileType = wrapper.framework; name = Foundation.framework; path = System/Library/Frameworks/Foundation.framework; sourceTree = SDKROOT; };
		08D495B318F68E3800642898 /* CoreGraphics.framework */ = {isa = PBXFileReference; lastKnownFileType = wrapper.framework; name = CoreGraphics.framework; path = System/Library/Frameworks/CoreGraphics.framework; sourceTree = SDKROOT; };
		08D495B518F68E3800642898 /* UIKit.framework */ = {isa = PBXFileReference; lastKnownFileType = wrapper.framework; name = UIKit.framework; path = System/Library/Frameworks/UIKit.framework; sourceTree = SDKROOT; };
		08D495B918F68E3800642898 /* 05-偏好设置-Info.plist */ = {isa = PBXFileReference; lastKnownFileType = text.plist.xml; path = "05-偏好设置-Info.plist"; sourceTree = "<group>"; };
		08D495BB18F68E3800642898 /* en */ = {isa = PBXFileReference; lastKnownFileType = text.plist.strings; name = en; path = en.lproj/InfoPlist.strings; sourceTree = "<group>"; };
		08D495BD18F68E3800642898 /* main.m */ = {isa = PBXFileReference; lastKnownFileType = sourcecode.c.objc; path = main.m; sourceTree = "<group>"; };
		08D495BF18F68E3800642898 /* 05-偏好设置-Prefix.pch */ = {isa = PBXFileReference; lastKnownFileType = sourcecode.c.h; path = "05-偏好设置-Prefix.pch"; sourceTree = "<group>"; };
		08D495C018F68E3800642898 /* MJAppDelegate.h */ = {isa = PBXFileReference; lastKnownFileType = sourcecode.c.h; path = MJAppDelegate.h; sourceTree = "<group>"; };
		08D495C118F68E3800642898 /* MJAppDelegate.m */ = {isa = PBXFileReference; lastKnownFileType = sourcecode.c.objc; path = MJAppDelegate.m; sourceTree = "<group>"; };
		08D495C418F68E3800642898 /* Base */ = {isa = PBXFileReference; lastKnownFileType = file.storyboard; name = Base; path = Base.lproj/Main.storyboard; sourceTree = "<group>"; };
		08D495C618F68E3800642898 /* MJViewController.h */ = {isa = PBXFileReference; lastKnownFileType = sourcecode.c.h; path = MJViewController.h; sourceTree = "<group>"; };
		08D495C718F68E3800642898 /* MJViewController.m */ = {isa = PBXFileReference; lastKnownFileType = sourcecode.c.objc; path = MJViewController.m; sourceTree = "<group>"; };
		08D495C918F68E3800642898 /* Images.xcassets */ = {isa = PBXFileReference; lastKnownFileType = folder.assetcatalog; path = Images.xcassets; sourceTree = "<group>"; };
		08D495CF18F68E3800642898 /* 05-偏好设置Tests.xctest */ = {isa = PBXFileReference; explicitFileType = wrapper.cfbundle; includeInIndex = 0; path = "05-偏好设置Tests.xctest"; sourceTree = BUILT_PRODUCTS_DIR; };
		08D495D018F68E3800642898 /* XCTest.framework */ = {isa = PBXFileReference; lastKnownFileType = wrapper.framework; name = XCTest.framework; path = Library/Frameworks/XCTest.framework; sourceTree = DEVELOPER_DIR; };
		08D495D818F68E3800642898 /* 05-偏好设置Tests-Info.plist */ = {isa = PBXFileReference; lastKnownFileType = text.plist.xml; path = "05-偏好设置Tests-Info.plist"; sourceTree = "<group>"; };
		08D495DA18F68E3800642898 /* en */ = {isa = PBXFileReference; lastKnownFileType = text.plist.strings; name = en; path = en.lproj/InfoPlist.strings; sourceTree = "<group>"; };
		08D495DC18F68E3800642898 /* _5_____Tests.m */ = {isa = PBXFileReference; lastKnownFileType = sourcecode.c.objc; path = "_5_____Tests.m"; sourceTree = "<group>"; };
/* End PBXFileReference section */

/* Begin PBXFrameworksBuildPhase section */
		08D495AB18F68E3800642898 /* Frameworks */ = {
			isa = PBXFrameworksBuildPhase;
			buildActionMask = 2147483647;
			files = (
				08D495B418F68E3800642898 /* CoreGraphics.framework in Frameworks */,
				08D495B618F68E3800642898 /* UIKit.framework in Frameworks */,
				08D495B218F68E3800642898 /* Foundation.framework in Frameworks */,
			);
			runOnlyForDeploymentPostprocessing = 0;
		};
		08D495CC18F68E3800642898 /* Frameworks */ = {
			isa = PBXFrameworksBuildPhase;
			buildActionMask = 2147483647;
			files = (
				08D495D118F68E3800642898 /* XCTest.framework in Frameworks */,
				08D495D318F68E3800642898 /* UIKit.framework in Frameworks */,
				08D495D218F68E3800642898 /* Foundation.framework in Frameworks */,
			);
			runOnlyForDeploymentPostprocessing = 0;
		};
/* End PBXFrameworksBuildPhase section */

/* Begin PBXGroup section */
		08D495A518F68E3800642898 = {
			isa = PBXGroup;
			children = (
				08D495B718F68E3800642898 /* 05-偏好设置 */,
				08D495D618F68E3800642898 /* 05-偏好设置Tests */,
				08D495B018F68E3800642898 /* Frameworks */,
				08D495AF18F68E3800642898 /* Products */,
			);
			sourceTree = "<group>";
		};
		08D495AF18F68E3800642898 /* Products */ = {
			isa = PBXGroup;
			children = (
				08D495AE18F68E3800642898 /* 05-偏好设置.app */,
				08D495CF18F68E3800642898 /* 05-偏好设置Tests.xctest */,
			);
			name = Products;
			sourceTree = "<group>";
		};
		08D495B018F68E3800642898 /* Frameworks */ = {
			isa = PBXGroup;
			children = (
				08D495B118F68E3800642898 /* Foundation.framework */,
				08D495B318F68E3800642898 /* CoreGraphics.framework */,
				08D495B518F68E3800642898 /* UIKit.framework */,
				08D495D018F68E3800642898 /* XCTest.framework */,
			);
			name = Frameworks;
			sourceTree = "<group>";
		};
		08D495B718F68E3800642898 /* 05-偏好设置 */ = {
			isa = PBXGroup;
			children = (
				08D495C018F68E3800642898 /* MJAppDelegate.h */,
				08D495C118F68E3800642898 /* MJAppDelegate.m */,
				08D495C318F68E3800642898 /* Main.storyboard */,
				08D495C618F68E3800642898 /* MJViewController.h */,
				08D495C718F68E3800642898 /* MJViewController.m */,
				08D495C918F68E3800642898 /* Images.xcassets */,
				08D495B818F68E3800642898 /* Supporting Files */,
			);
			path = "05-偏好设置";
			sourceTree = "<group>";
		};
		08D495B818F68E3800642898 /* Supporting Files */ = {
			isa = PBXGroup;
			children = (
				08D495B918F68E3800642898 /* 05-偏好设置-Info.plist */,
				08D495BA18F68E3800642898 /* InfoPlist.strings */,
				08D495BD18F68E3800642898 /* main.m */,
				08D495BF18F68E3800642898 /* 05-偏好设置-Prefix.pch */,
			);
			name = "Supporting Files";
			sourceTree = "<group>";
		};
		08D495D618F68E3800642898 /* 05-偏好设置Tests */ = {
			isa = PBXGroup;
			children = (
				08D495DC18F68E3800642898 /* _5_____Tests.m */,
				08D495D718F68E3800642898 /* Supporting Files */,
			);
			path = "05-偏好设置Tests";
			sourceTree = "<group>";
		};
		08D495D718F68E3800642898 /* Supporting Files */ = {
			isa = PBXGroup;
			children = (
				08D495D818F68E3800642898 /* 05-偏好设置Tests-Info.plist */,
				08D495D918F68E3800642898 /* InfoPlist.strings */,
			);
			name = "Supporting Files";
			sourceTree = "<group>";
		};
/* End PBXGroup section */

/* Begin PBXNativeTarget section */
		08D495AD18F68E3800642898 /* 05-偏好设置 */ = {
			isa = PBXNativeTarget;
			buildConfigurationList = 08D495E018F68E3800642898 /* Build configuration list for PBXNativeTarget "05-偏好设置" */;
			buildPhases = (
				08D495AA18F68E3800642898 /* Sources */,
				08D495AB18F68E3800642898 /* Frameworks */,
				08D495AC18F68E3800642898 /* Resources */,
			);
			buildRules = (
			);
			dependencies = (
			);
			name = "05-偏好设置";
			productName = "05-偏好设置";
			productReference = 08D495AE18F68E3800642898 /* 05-偏好设置.app */;
			productType = "com.apple.product-type.application";
		};
		08D495CE18F68E3800642898 /* 05-偏好设置Tests */ = {
			isa = PBXNativeTarget;
			buildConfigurationList = 08D495E318F68E3800642898 /* Build configuration list for PBXNativeTarget "05-偏好设置Tests" */;
			buildPhases = (
				08D495CB18F68E3800642898 /* Sources */,
				08D495CC18F68E3800642898 /* Frameworks */,
				08D495CD18F68E3800642898 /* Resources */,
			);
			buildRules = (
			);
			dependencies = (
				08D495D518F68E3800642898 /* PBXTargetDependency */,
			);
			name = "05-偏好设置Tests";
			productName = "05-偏好设置Tests";
			productReference = 08D495CF18F68E3800642898 /* 05-偏好设置Tests.xctest */;
			productType = "com.apple.product-type.bundle.unit-test";
		};
/* End PBXNativeTarget section */

/* Begin PBXProject section */
		08D495A618F68E3800642898 /* Project object */ = {
			isa = PBXProject;
			attributes = {
				CLASSPREFIX = MJ;
				LastUpgradeCheck = 0510;
				ORGANIZATIONNAME = itcast;
				TargetAttributes = {
					08D495CE18F68E3800642898 = {
						TestTargetID = 08D495AD18F68E3800642898;
					};
				};
			};
			buildConfigurationList = 08D495A918F68E3800642898 /* Build configuration list for PBXProject "05-偏好设置" */;
			compatibilityVersion = "Xcode 3.2";
			developmentRegion = English;
			hasScannedForEncodings = 0;
			knownRegions = (
				en,
				Base,
			);
			mainGroup = 08D495A518F68E3800642898;
			productRefGroup = 08D495AF18F68E3800642898 /* Products */;
			projectDirPath = "";
			projectRoot = "";
			targets = (
				08D495AD18F68E3800642898 /* 05-偏好设置 */,
				08D495CE18F68E3800642898 /* 05-偏好设置Tests */,
			);
		};
/* End PBXProject section */

/* Begin PBXResourcesBuildPhase section */
		08D495AC18F68E3800642898 /* Resources */ = {
			isa = PBXResourcesBuildPhase;
			buildActionMask = 2147483647;
			files = (
				08D495CA18F68E3800642898 /* Images.xcassets in Resources */,
				08D495BC18F68E3800642898 /* InfoPlist.strings in Resources */,
				08D495C518F68E3800642898 /* Main.storyboard in Resources */,
			);
			runOnlyForDeploymentPostprocessing = 0;
		};
		08D495CD18F68E3800642898 /* Resources */ = {
			isa = PBXResourcesBuildPhase;
			buildActionMask = 2147483647;
			files = (
				08D495DB18F68E3800642898 /* InfoPlist.strings in Resources */,
			);
			runOnlyForDeploymentPostprocessing = 0;
		};
/* End PBXResourcesBuildPhase section */

/* Begin PBXSourcesBuildPhase section */
		08D495AA18F68E3800642898 /* Sources */ = {
			isa = PBXSourcesBuildPhase;
			buildActionMask = 2147483647;
			files = (
				08D495BE18F68E3800642898 /* main.m in Sources */,
				08D495C818F68E3800642898 /* MJViewController.m in Sources */,
				08D495C218F68E3800642898 /* MJAppDelegate.m in Sources */,
			);
			runOnlyForDeploymentPostprocessing = 0;
		};
		08D495CB18F68E3800642898 /* Sources */ = {
			isa = PBXSourcesBuildPhase;
			buildActionMask = 2147483647;
			files = (
				08D495DD18F68E3800642898 /* _5_____Tests.m in Sources */,
			);
			runOnlyForDeploymentPostprocessing = 0;
		};
/* End PBXSourcesBuildPhase section */

/* Begin PBXTargetDependency section */
		08D495D518F68E3800642898 /* PBXTargetDependency */ = {
			isa = PBXTargetDependency;
			target = 08D495AD18F68E3800642898 /* 05-偏好设置 */;
			targetProxy = 08D495D418F68E3800642898 /* PBXContainerItemProxy */;
		};
/* End PBXTargetDependency section */

/* Begin PBXVariantGroup section */
		08D495BA18F68E3800642898 /* InfoPlist.strings */ = {
			isa = PBXVariantGroup;
			children = (
				08D495BB18F68E3800642898 /* en */,
			);
			name = InfoPlist.strings;
			sourceTree = "<group>";
		};
		08D495C318F68E3800642898 /* Main.storyboard */ = {
			isa = PBXVariantGroup;
			children = (
				08D495C418F68E3800642898 /* Base */,
			);
			name = Main.storyboard;
			sourceTree = "<group>";
		};
		08D495D918F68E3800642898 /* InfoPlist.strings */ = {
			isa = PBXVariantGroup;
			children = (
				08D495DA18F68E3800642898 /* en */,
			);
			name = InfoPlist.strings;
			sourceTree = "<group>";
		};
/* End PBXVariantGroup section */

/* Begin XCBuildConfiguration section */
		08D495DE18F68E3800642898 /* Debug */ = {
			isa = XCBuildConfiguration;
			buildSettings = {
				ALWAYS_SEARCH_USER_PATHS = NO;
				CLANG_CXX_LANGUAGE_STANDARD = "gnu++0x";
				CLANG_CXX_LIBRARY = "libc++";
				CLANG_ENABLE_MODULES = YES;
				CLANG_ENABLE_OBJC_ARC = YES;
				CLANG_WARN_BOOL_CONVERSION = YES;
				CLANG_WARN_CONSTANT_CONVERSION = YES;
				CLANG_WARN_DIRECT_OBJC_ISA_USAGE = YES_ERROR;
				CLANG_WARN_EMPTY_BODY = YES;
				CLANG_WARN_ENUM_CONVERSION = YES;
				CLANG_WARN_INT_CONVERSION = YES;
				CLANG_WARN_OBJC_ROOT_CLASS = YES_ERROR;
				CLANG_WARN__DUPLICATE_METHOD_MATCH = YES;
				"CODE_SIGN_IDENTITY[sdk=iphoneos*]" = "iPhone Developer";
				COPY_PHASE_STRIP = NO;
				GCC_C_LANGUAGE_STANDARD = gnu99;
				GCC_DYNAMIC_NO_PIC = NO;
				GCC_OPTIMIZATION_LEVEL = 0;
				GCC_PREPROCESSOR_DEFINITIONS = (
					"DEBUG=1",
					"$(inherited)",
				);
				GCC_SYMBOLS_PRIVATE_EXTERN = NO;
				GCC_WARN_64_TO_32_BIT_CONVERSION = YES;
				GCC_WARN_ABOUT_RETURN_TYPE = YES_ERROR;
				GCC_WARN_UNDECLARED_SELECTOR = YES;
				GCC_WARN_UNINITIALIZED_AUTOS = YES_AGGRESSIVE;
				GCC_WARN_UNUSED_FUNCTION = YES;
				GCC_WARN_UNUSED_VARIABLE = YES;
				IPHONEOS_DEPLOYMENT_TARGET = 7.1;
				ONLY_ACTIVE_ARCH = YES;
				SDKROOT = iphoneos;
			};
			name = Debug;
		};
		08D495DF18F68E3800642898 /* Release */ = {
			isa = XCBuildConfiguration;
			buildSettings = {
				ALWAYS_SEARCH_USER_PATHS = NO;
				CLANG_CXX_LANGUAGE_STANDARD = "gnu++0x";
				CLANG_CXX_LIBRARY = "libc++";
				CLANG_ENABLE_MODULES = YES;
				CLANG_ENABLE_OBJC_ARC = YES;
				CLANG_WARN_BOOL_CONVERSION = YES;
				CLANG_WARN_CONSTANT_CONVERSION = YES;
				CLANG_WARN_DIRECT_OBJC_ISA_USAGE = YES_ERROR;
				CLANG_WARN_EMPTY_BODY = YES;
				CLANG_WARN_ENUM_CONVERSION = YES;
				CLANG_WARN_INT_CONVERSION = YES;
				CLANG_WARN_OBJC_ROOT_CLASS = YES_ERROR;
				CLANG_WARN__DUPLICATE_METHOD_MATCH = YES;
				"CODE_SIGN_IDENTITY[sdk=iphoneos*]" = "iPhone Developer";
				COPY_PHASE_STRIP = YES;
				ENABLE_NS_ASSERTIONS = NO;
				GCC_C_LANGUAGE_STANDARD = gnu99;
				GCC_WARN_64_TO_32_BIT_CONVERSION = YES;
				GCC_WARN_ABOUT_RETURN_TYPE = YES_ERROR;
				GCC_WARN_UNDECLARED_SELECTOR = YES;
				GCC_WARN_UNINITIALIZED_AUTOS = YES_AGGRESSIVE;
				GCC_WARN_UNUSED_FUNCTION = YES;
				GCC_WARN_UNUSED_VARIABLE = YES;
				IPHONEOS_DEPLOYMENT_TARGET = 7.1;
				SDKROOT = iphoneos;
				VALIDATE_PRODUCT = YES;
			};
			name = Release;
		};
		08D495E118F68E3800642898 /* Debug */ = {
			isa = XCBuildConfiguration;
			buildSettings = {
				ASSETCATALOG_COMPILER_APPICON_NAME = AppIcon;
				ASSETCATALOG_COMPILER_LAUNCHIMAGE_NAME = LaunchImage;
				GCC_PRECOMPILE_PREFIX_HEADER = YES;
				GCC_PREFIX_HEADER = "05-偏好设置/05-偏好设置-Prefix.pch";
				INFOPLIST_FILE = "05-偏好设置/05-偏好设置-Info.plist";
				PRODUCT_NAME = "$(TARGET_NAME)";
				WRAPPER_EXTENSION = app;
			};
			name = Debug;
		};
		08D495E218F68E3800642898 /* Release */ = {
			isa = XCBuildConfiguration;
			buildSettings = {
				ASSETCATALOG_COMPILER_APPICON_NAME = AppIcon;
				ASSETCATALOG_COMPILER_LAUNCHIMAGE_NAME = LaunchImage;
				GCC_PRECOMPILE_PREFIX_HEADER = YES;
				GCC_PREFIX_HEADER = "05-偏好设置/05-偏好设置-Prefix.pch";
				INFOPLIST_FILE = "05-偏好设置/05-偏好设置-Info.plist";
				PRODUCT_NAME = "$(TARGET_NAME)";
				WRAPPER_EXTENSION = app;
			};
			name = Release;
		};
		08D495E418F68E3800642898 /* Debug */ = {
			isa = XCBuildConfiguration;
			buildSettings = {
				BUNDLE_LOADER = "$(BUILT_PRODUCTS_DIR)/05-偏好设置.app/05-偏好设置";
				FRAMEWORK_SEARCH_PATHS = (
					"$(SDKROOT)/Developer/Library/Frameworks",
					"$(inherited)",
					"$(DEVELOPER_FRAMEWORKS_DIR)",
				);
				GCC_PRECOMPILE_PREFIX_HEADER = YES;
				GCC_PREFIX_HEADER = "05-偏好设置/05-偏好设置-Prefix.pch";
				GCC_PREPROCESSOR_DEFINITIONS = (
					"DEBUG=1",
					"$(inherited)",
				);
				INFOPLIST_FILE = "05-偏好设置Tests/05-偏好设置Tests-Info.plist";
				PRODUCT_NAME = "$(TARGET_NAME)";
				TEST_HOST = "$(BUNDLE_LOADER)";
				WRAPPER_EXTENSION = xctest;
			};
			name = Debug;
		};
		08D495E518F68E3800642898 /* Release */ = {
			isa = XCBuildConfiguration;
			buildSettings = {
				BUNDLE_LOADER = "$(BUILT_PRODUCTS_DIR)/05-偏好设置.app/05-偏好设置";
				FRAMEWORK_SEARCH_PATHS = (
					"$(SDKROOT)/Developer/Library/Frameworks",
					"$(inherited)",
					"$(DEVELOPER_FRAMEWORKS_DIR)",
				);
				GCC_PRECOMPILE_PREFIX_HEADER = YES;
				GCC_PREFIX_HEADER = "05-偏好设置/05-偏好设置-Prefix.pch";
				INFOPLIST_FILE = "05-偏好设置Tests/05-偏好设置Tests-Info.plist";
				PRODUCT_NAME = "$(TARGET_NAME)";
				TEST_HOST = "$(BUNDLE_LOADER)";
				WRAPPER_EXTENSION = xctest;
			};
			name = Release;
		};
/* End XCBuildConfiguration section */

/* Begin XCConfigurationList section */
		08D495A918F68E3800642898 /* Build configuration list for PBXProject "05-偏好设置" */ = {
			isa = XCConfigurationList;
			buildConfigurations = (
				08D495DE18F68E3800642898 /* Debug */,
				08D495DF18F68E3800642898 /* Release */,
			);
			defaultConfigurationIsVisible = 0;
			defaultConfigurationName = Release;
		};
		08D495E018F68E3800642898 /* Build configuration list for PBXNativeTarget "05-偏好设置" */ = {
			isa = XCConfigurationList;
			buildConfigurations = (
				08D495E118F68E3800642898 /* Debug */,
				08D495E218F68E3800642898 /* Release */,
			);
			defaultConfigurationIsVisible = 0;
		};
		08D495E318F68E3800642898 /* Build configuration list for PBXNativeTarget "05-偏好设置Tests" */ = {
			isa = XCConfigurationList;
			buildConfigurations = (
				08D495E418F68E3800642898 /* Debug */,
				08D495E518F68E3800642898 /* Release */,
			);
			defaultConfigurationIsVisible = 0;
		};
/* End XCConfigurationList section */
	};
	rootObject = 08D495A618F68E3800642898 /* Project object */;
}
